
Microsoft Visual Studio Solution File, Format Version 12.00
# Visual Studio Version 17
VisualStudioVersion = 17.10.34928.147
MinimumVisualStudioVersion = 10.0.40219.1
Project("{FAE04EC0-301F-11D3-BF4B-00C04F79EFBC}") = "BasarsoftFirst", "BasarsoftFirst.csproj", "{F7F61971-69E5-4605-AD95-6F69A153A974}"
EndProject
Global
	GlobalSection(SolutionConfigurationPlatforms) = preSolution
		Debug|Any CPU = Debug|Any CPU
		Release|Any CPU = Release|Any CPU
	EndGlobalSection
	GlobalSection(ProjectConfigurationPlatforms) = postSolution
		{F7F61971-69E5-4605-AD95-6F69A153A974}.Debug|Any CPU.ActiveCfg = Debug|Any CPU
		{F7F61971-69E5-4605-AD95-6F69A153A974}.Debug|Any CPU.Build.0 = Debug|Any CPU
		{F7F61971-69E5-4605-AD95-6F69A153A974}.Release|Any CPU.ActiveCfg = Release|Any CPU
		{F7F61971-69E5-4605-AD95-6F69A153A974}.Release|Any CPU.Build.0 = Release|Any CPU
	EndGlobalSection
	GlobalSection(SolutionProperties) = preSolution
		HideSolutionNode = FALSE
	EndGlobalSection
	GlobalSection(ExtensibilityGlobals) = postSolution
		SolutionGuid = {D2898752-D879-4D64-986F-9FCBD8B72C2C}
	EndGlobalSection
EndGlobal
